{
  "name": "nimble-swap",
  "version": "1.0.0",
  "lockfileVersion": 3,
  "requires": true,
  "packages": {
    "": {
      "name": "nimble-swap",
      "version": "1.0.0",
      "license": "ISC",
      "workspaces": [
        "packages/swap",
        "packages/utils"
      ]
    },
    "node_modules/@nimble-ui/swap": {
      "resolved": "packages/swap",
      "link": true
    },
    "node_modules/@nimble-ui/utils": {
      "resolved": "packages/utils",
      "link": true
    },
    "packages/swap": {
      "name": "@nimble-ui/swap",
      "version": "1.0.0",
      "license": "ISC"
    },
    "packages/utils": {
      "version": "1.0.0",
      "license": "ISC",
      "devDependencies": {}
    }
  }
}
